
Microsoft Visual Studio Solution File, Format Version 12.00
# Visual Studio Version 17
VisualStudioVersion = 17.11.35312.102
MinimumVisualStudioVersion = 10.0.40219.1
Project("{9A19103F-16F7-4668-BE54-9A1E7A4F7556}") = "BookStore", "BookStore\BookStore.csproj", "{6BE32791-D8C6-4FEC-9F21-8331E97CF70F}"
EndProject
Project("{9A19103F-16F7-4668-BE54-9A1E7A4F7556}") = "BookStore.Core", "BookStore.Core\BookStore.Core.csproj", "{D2043CD0-58DA-4946-B481-4658A4C7F6E2}"
EndProject
Project("{9A19103F-16F7-4668-BE54-9A1E7A4F7556}") = "BookStore.DataAccess", "BookStore.DataAccess\BookStore.DataAccess.csproj", "{77C4D2A7-442D-464C-9183-BE60403BF970}"
EndProject
Project("{FAE04EC0-301F-11D3-BF4B-00C04F79EFBC}") = "BookStore.Application", "BookStore.Application\BookStore.Application.csproj", "{F440EF8A-2108-429C-9B2A-DEBD4E8AC721}"
EndProject
Global
	GlobalSection(SolutionConfigurationPlatforms) = preSolution
		Debug|Any CPU = Debug|Any CPU
		Release|Any CPU = Release|Any CPU
	EndGlobalSection
	GlobalSection(ProjectConfigurationPlatforms) = postSolution
		{6BE32791-D8C6-4FEC-9F21-8331E97CF70F}.Debug|Any CPU.ActiveCfg = Debug|Any CPU
		{6BE32791-D8C6-4FEC-9F21-8331E97CF70F}.Debug|Any CPU.Build.0 = Debug|Any CPU
		{6BE32791-D8C6-4FEC-9F21-8331E97CF70F}.Release|Any CPU.ActiveCfg = Release|Any CPU
		{6BE32791-D8C6-4FEC-9F21-8331E97CF70F}.Release|Any CPU.Build.0 = Release|Any CPU
		{D2043CD0-58DA-4946-B481-4658A4C7F6E2}.Debug|Any CPU.ActiveCfg = Debug|Any CPU
		{D2043CD0-58DA-4946-B481-4658A4C7F6E2}.Debug|Any CPU.Build.0 = Debug|Any CPU
		{D2043CD0-58DA-4946-B481-4658A4C7F6E2}.Release|Any CPU.ActiveCfg = Release|Any CPU
		{D2043CD0-58DA-4946-B481-4658A4C7F6E2}.Release|Any CPU.Build.0 = Release|Any CPU
		{77C4D2A7-442D-464C-9183-BE60403BF970}.Debug|Any CPU.ActiveCfg = Debug|Any CPU
		{77C4D2A7-442D-464C-9183-BE60403BF970}.Debug|Any CPU.Build.0 = Debug|Any CPU
		{77C4D2A7-442D-464C-9183-BE60403BF970}.Release|Any CPU.ActiveCfg = Release|Any CPU
		{77C4D2A7-442D-464C-9183-BE60403BF970}.Release|Any CPU.Build.0 = Release|Any CPU
		{F440EF8A-2108-429C-9B2A-DEBD4E8AC721}.Debug|Any CPU.ActiveCfg = Debug|Any CPU
		{F440EF8A-2108-429C-9B2A-DEBD4E8AC721}.Debug|Any CPU.Build.0 = Debug|Any CPU
		{F440EF8A-2108-429C-9B2A-DEBD4E8AC721}.Release|Any CPU.ActiveCfg = Release|Any CPU
		{F440EF8A-2108-429C-9B2A-DEBD4E8AC721}.Release|Any CPU.Build.0 = Release|Any CPU
	EndGlobalSection
	GlobalSection(SolutionProperties) = preSolution
		HideSolutionNode = FALSE
	EndGlobalSection
	GlobalSection(ExtensibilityGlobals) = postSolution
		SolutionGuid = {206B7C29-EE74-4402-A4F0-501420BDA74B}
	EndGlobalSection
EndGlobal
